
Microsoft Visual Studio Solution File, Format Version 12.00
# Visual Studio Version 17
VisualStudioVersion = 17.3.32922.545
MinimumVisualStudioVersion = 10.0.40219.1
Project("{FAE04EC0-301F-11D3-BF4B-00C04F79EFBC}") = "BanVeMayBay", "BanVeMayBay\BanVeMayBay.csproj", "{67ED8862-CDB3-4043-94F6-CE4AB35ADD37}"
EndProject
Global
	GlobalSection(SolutionConfigurationPlatforms) = preSolution
		Debug|Any CPU = Debug|Any CPU
		Release|Any CPU = Release|Any CPU
	EndGlobalSection
	GlobalSection(ProjectConfigurationPlatforms) = postSolution
		{67ED8862-CDB3-4043-94F6-CE4AB35ADD37}.Debug|Any CPU.ActiveCfg = Debug|Any CPU
		{67ED8862-CDB3-4043-94F6-CE4AB35ADD37}.Debug|Any CPU.Build.0 = Debug|Any CPU
		{67ED8862-CDB3-4043-94F6-CE4AB35ADD37}.Release|Any CPU.ActiveCfg = Release|Any CPU
		{67ED8862-CDB3-4043-94F6-CE4AB35ADD37}.Release|Any CPU.Build.0 = Release|Any CPU
	EndGlobalSection
	GlobalSection(SolutionProperties) = preSolution
		HideSolutionNode = FALSE
	EndGlobalSection
	GlobalSection(ExtensibilityGlobals) = postSolution
		SolutionGuid = {0692D34B-C63C-43CE-A5A0-857E0815E905}
	EndGlobalSection
EndGlobal
